// !$*UTF8*$!
{
	archiveVersion = 1;
	classes = {
	};
	objectVersion = 56;
	objects = {

/* Begin PBXBuildFile section */
		66FD3D1729477B6C00585C34 /* uuApp.swift in Sources */ = {isa = PBXBuildFile; fileRef = 66FD3D1629477B6C00585C34 /* uuApp.swift */; };
		66FD3D1929477B6C00585C34 /* ContentView.swift in Sources */ = {isa = PBXBuildFile; fileRef = 66FD3D1829477B6C00585C34 /* ContentView.swift */; };
		66FD3D1B29477B6D00585C34 /* Assets.xcassets in Resources */ = {isa = PBXBuildFile; fileRef = 66FD3D1A29477B6D00585C34 /* Assets.xcassets */; };
		66FD3D1E29477B6D00585C34 /* Preview Assets.xcassets in Resources */ = {isa = PBXBuildFile; fileRef = 66FD3D1D29477B6D00585C34 /* Preview Assets.xcassets */; };
		66FD3D2029477B6D00585C34 /* Persistence.swift in Sources */ = {isa = PBXBuildFile; fileRef = 66FD3D1F29477B6D00585C34 /* Persistence.swift */; };
		66FD3D2329477B6D00585C34 /* uu.xcdatamodeld in Sources */ = {isa = PBXBuildFile; fileRef = 66FD3D2129477B6D00585C34 /* uu.xcdatamodeld */; };
		66FD3D2D29477B6D00585C34 /* uuTests.swift in Sources */ = {isa = PBXBuildFile; fileRef = 66FD3D2C29477B6D00585C34 /* uuTests.swift */; };
		66FD3D3729477B6D00585C34 /* uuUITests.swift in Sources */ = {isa = PBXBuildFile; fileRef = 66FD3D3629477B6D00585C34 /* uuUITests.swift */; };
		66FD3D3929477B6D00585C34 /* uuUITestsLaunchTests.swift in Sources */ = {isa = PBXBuildFile; fileRef = 66FD3D3829477B6D00585C34 /* uuUITestsLaunchTests.swift */; };
/* End PBXBuildFile section */

/* Begin PBXContainerItemProxy section */
		66FD3D2929477B6D00585C34 /* PBXContainerItemProxy */ = {
			isa = PBXContainerItemProxy;
			containerPortal = 66FD3D0B29477B6C00585C34 /* Project object */;
			proxyType = 1;
			remoteGlobalIDString = 66FD3D1229477B6C00585C34;
			remoteInfo = uu;
		};
		66FD3D3329477B6D00585C34 /* PBXContainerItemProxy */ = {
			isa = PBXContainerItemProxy;
			containerPortal = 66FD3D0B29477B6C00585C34 /* Project object */;
			proxyType = 1;
			remoteGlobalIDString = 66FD3D1229477B6C00585C34;
			remoteInfo = uu;
		};
/* End PBXContainerItemProxy section */

/* Begin PBXFileReference section */
		66FD3D1329477B6C00585C34 /* uu.app */ = {isa = PBXFileReference; explicitFileType = wrapper.application; includeInIndex = 0; path = uu.app; sourceTree = BUILT_PRODUCTS_DIR; };
		66FD3D1629477B6C00585C34 /* uuApp.swift */ = {isa = PBXFileReference; lastKnownFileType = sourcecode.swift; path = uuApp.swift; sourceTree = "<group>"; };
		66FD3D1829477B6C00585C34 /* ContentView.swift */ = {isa = PBXFileReference; lastKnownFileType = sourcecode.swift; path = ContentView.swift; sourceTree = "<group>"; };
		66FD3D1A29477B6D00585C34 /* Assets.xcassets */ = {isa = PBXFileReference; lastKnownFileType = folder.assetcatalog; path = Assets.xcassets; sourceTree = "<group>"; };
		66FD3D1D29477B6D00585C34 /* Preview Assets.xcassets */ = {isa = PBXFileReference; lastKnownFileType = folder.assetcatalog; path = "Preview Assets.xcassets"; sourceTree = "<group>"; };
		66FD3D1F29477B6D00585C34 /* Persistence.swift */ = {isa = PBXFileReference; lastKnownFileType = sourcecode.swift; path = Persistence.swift; sourceTree = "<group>"; };
		66FD3D2229477B6D00585C34 /* uu.xcdatamodel */ = {isa = PBXFileReference; lastKnownFileType = wrapper.xcdatamodel; path = uu.xcdatamodel; sourceTree = "<group>"; };
		66FD3D2829477B6D00585C34 /* uuTests.xctest */ = {isa = PBXFileReference; explicitFileType = wrapper.cfbundle; includeInIndex = 0; path = uuTests.xctest; sourceTree = BUILT_PRODUCTS_DIR; };
		66FD3D2C29477B6D00585C34 /* uuTests.swift */ = {isa = PBXFileReference; lastKnownFileType = sourcecode.swift; path = uuTests.swift; sourceTree = "<group>"; };
		66FD3D3229477B6D00585C34 /* uuUITests.xctest */ = {isa = PBXFileReference; explicitFileType = wrapper.cfbundle; includeInIndex = 0; path = uuUITests.xctest; sourceTree = BUILT_PRODUCTS_DIR; };
		66FD3D3629477B6D00585C34 /* uuUITests.swift */ = {isa = PBXFileReference; lastKnownFileType = sourcecode.swift; path = uuUITests.swift; sourceTree = "<group>"; };
		66FD3D3829477B6D00585C34 /* uuUITestsLaunchTests.swift */ = {isa = PBXFileReference; lastKnownFileType = sourcecode.swift; path = uuUITestsLaunchTests.swift; sourceTree = "<group>"; };
/* End PBXFileReference section */

/* Begin PBXFrameworksBuildPhase section */
		66FD3D1029477B6C00585C34 /* Frameworks */ = {
			isa = PBXFrameworksBuildPhase;
			buildActionMask = 2147483647;
			files = (
			);
			runOnlyForDeploymentPostprocessing = 0;
		};
		66FD3D2529477B6D00585C34 /* Frameworks */ = {
			isa = PBXFrameworksBuildPhase;
			buildActionMask = 2147483647;
			files = (
			);
			runOnlyForDeploymentPostprocessing = 0;
		};
		66FD3D2F29477B6D00585C34 /* Frameworks */ = {
			isa = PBXFrameworksBuildPhase;
			buildActionMask = 2147483647;
			files = (
			);
			runOnlyForDeploymentPostprocessing = 0;
		};
/* End PBXFrameworksBuildPhase section */

/* Begin PBXGroup section */
		66FD3D0A29477B6C00585C34 = {
			isa = PBXGroup;
			children = (
				66FD3D1529477B6C00585C34 /* uu */,
				66FD3D2B29477B6D00585C34 /* uuTests */,
				66FD3D3529477B6D00585C34 /* uuUITests */,
				66FD3D1429477B6C00585C34 /* Products */,
			);
			sourceTree = "<group>";
		};
		66FD3D1429477B6C00585C34 /* Products */ = {
			isa = PBXGroup;
			children = (
				66FD3D1329477B6C00585C34 /* uu.app */,
				66FD3D2829477B6D00585C34 /* uuTests.xctest */,
				66FD3D3229477B6D00585C34 /* uuUITests.xctest */,
			);
			name = Products;
			sourceTree = "<group>";
		};
		66FD3D1529477B6C00585C34 /* uu */ = {
			isa = PBXGroup;
			children = (
				66FD3D1629477B6C00585C34 /* uuApp.swift */,
				66FD3D1829477B6C00585C34 /* ContentView.swift */,
				66FD3D1A29477B6D00585C34 /* Assets.xcassets */,
				66FD3D1F29477B6D00585C34 /* Persistence.swift */,
				66FD3D2129477B6D00585C34 /* uu.xcdatamodeld */,
				66FD3D1C29477B6D00585C34 /* Preview Content */,
			);
			path = uu;
			sourceTree = "<group>";
		};
		66FD3D1C29477B6D00585C34 /* Preview Content */ = {
			isa = PBXGroup;
			children = (
				66FD3D1D29477B6D00585C34 /* Preview Assets.xcassets */,
			);
			path = "Preview Content";
			sourceTree = "<group>";
		};
		66FD3D2B29477B6D00585C34 /* uuTests */ = {
			isa = PBXGroup;
			children = (
				66FD3D2C29477B6D00585C34 /* uuTests.swift */,
			);
			path = uuTests;
			sourceTree = "<group>";
		};
		66FD3D3529477B6D00585C34 /* uuUITests */ = {
			isa = PBXGroup;
			children = (
				66FD3D3629477B6D00585C34 /* uuUITests.swift */,
				66FD3D3829477B6D00585C34 /* uuUITestsLaunchTests.swift */,
			);
			path = uuUITests;
			sourceTree = "<group>";
		};
/* End PBXGroup section */

/* Begin PBXNativeTarget section */
		66FD3D1229477B6C00585C34 /* uu */ = {
			isa = PBXNativeTarget;
			buildConfigurationList = 66FD3D3C29477B6D00585C34 /* Build configuration list for PBXNativeTarget "uu" */;
			buildPhases = (
				66FD3D0F29477B6C00585C34 /* Sources */,
				66FD3D1029477B6C00585C34 /* Frameworks */,
				66FD3D1129477B6C00585C34 /* Resources */,
			);
			buildRules = (
			);
			dependencies = (
			);
			name = uu;
			productName = uu;
			productReference = 66FD3D1329477B6C00585C34 /* uu.app */;
			productType = "com.apple.product-type.application";
		};
		66FD3D2729477B6D00585C34 /* uuTests */ = {
			isa = PBXNativeTarget;
			buildConfigurationList = 66FD3D3F29477B6D00585C34 /* Build configuration list for PBXNativeTarget "uuTests" */;
			buildPhases = (
				66FD3D2429477B6D00585C34 /* Sources */,
				66FD3D2529477B6D00585C34 /* Frameworks */,
				66FD3D2629477B6D00585C34 /* Resources */,
			);
			buildRules = (
			);
			dependencies = (
				66FD3D2A29477B6D00585C34 /* PBXTargetDependency */,
			);
			name = uuTests;
			productName = uuTests;
			productReference = 66FD3D2829477B6D00585C34 /* uuTests.xctest */;
			productType = "com.apple.product-type.bundle.unit-test";
		};
		66FD3D3129477B6D00585C34 /* uuUITests */ = {
			isa = PBXNativeTarget;
			buildConfigurationList = 66FD3D4229477B6D00585C34 /* Build configuration list for PBXNativeTarget "uuUITests" */;
			buildPhases = (
				66FD3D2E29477B6D00585C34 /* Sources */,
				66FD3D2F29477B6D00585C34 /* Frameworks */,
				66FD3D3029477B6D00585C34 /* Resources */,
			);
			buildRules = (
			);
			dependencies = (
				66FD3D3429477B6D00585C34 /* PBXTargetDependency */,
			);
			name = uuUITests;
			productName = uuUITests;
			productReference = 66FD3D3229477B6D00585C34 /* uuUITests.xctest */;
			productType = "com.apple.product-type.bundle.ui-testing";
		};
/* End PBXNativeTarget section */

/* Begin PBXProject section */
		66FD3D0B29477B6C00585C34 /* Project object */ = {
			isa = PBXProject;
			attributes = {
				BuildIndependentTargetsInParallel = 1;
				LastSwiftUpdateCheck = 1410;
				LastUpgradeCheck = 1410;
				TargetAttributes = {
					66FD3D1229477B6C00585C34 = {
						CreatedOnToolsVersion = 14.1;
					};
					66FD3D2729477B6D00585C34 = {
						CreatedOnToolsVersion = 14.1;
						TestTargetID = 66FD3D1229477B6C00585C34;
					};
					66FD3D3129477B6D00585C34 = {
						CreatedOnToolsVersion = 14.1;
						TestTargetID = 66FD3D1229477B6C00585C34;
					};
				};
			};
			buildConfigurationList = 66FD3D0E29477B6C00585C34 /* Build configuration list for PBXProject "uu" */;
			compatibilityVersion = "Xcode 14.0";
			developmentRegion = en;
			hasScannedForEncodings = 0;
			knownRegions = (
				en,
				Base,
			);
			mainGroup = 66FD3D0A29477B6C00585C34;
			productRefGroup = 66FD3D1429477B6C00585C34 /* Products */;
			projectDirPath = "";
			projectRoot = "";
			targets = (
				66FD3D1229477B6C00585C34 /* uu */,
				66FD3D2729477B6D00585C34 /* uuTests */,
				66FD3D3129477B6D00585C34 /* uuUITests */,
			);
		};
/* End PBXProject section */

/* Begin PBXResourcesBuildPhase section */
		66FD3D1129477B6C00585C34 /* Resources */ = {
			isa = PBXResourcesBuildPhase;
			buildActionMask = 2147483647;
			files = (
				66FD3D1E29477B6D00585C34 /* Preview Assets.xcassets in Resources */,
				66FD3D1B29477B6D00585C34 /* Assets.xcassets in Resources */,
			);
			runOnlyForDeploymentPostprocessing = 0;
		};
		66FD3D2629477B6D00585C34 /* Resources */ = {
			isa = PBXResourcesBuildPhase;
			buildActionMask = 2147483647;
			files = (
			);
			runOnlyForDeploymentPostprocessing = 0;
		};
		66FD3D3029477B6D00585C34 /* Resources */ = {
			isa = PBXResourcesBuildPhase;
			buildActionMask = 2147483647;
			files = (
			);
			runOnlyForDeploymentPostprocessing = 0;
		};
/* End PBXResourcesBuildPhase section */

/* Begin PBXSourcesBuildPhase section */
		66FD3D0F29477B6C00585C34 /* Sources */ = {
			isa = PBXSourcesBuildPhase;
			buildActionMask = 2147483647;
			files = (
				66FD3D2029477B6D00585C34 /* Persistence.swift in Sources */,
				66FD3D2329477B6D00585C34 /* uu.xcdatamodeld in Sources */,
				66FD3D1929477B6C00585C34 /* ContentView.swift in Sources */,
				66FD3D1729477B6C00585C34 /* uuApp.swift in Sources */,
			);
			runOnlyForDeploymentPostprocessing = 0;
		};
		66FD3D2429477B6D00585C34 /* Sources */ = {
			isa = PBXSourcesBuildPhase;
			buildActionMask = 2147483647;
			files = (
				66FD3D2D29477B6D00585C34 /* uuTests.swift in Sources */,
			);
			runOnlyForDeploymentPostprocessing = 0;
		};
		66FD3D2E29477B6D00585C34 /* Sources */ = {
			isa = PBXSourcesBuildPhase;
			buildActionMask = 2147483647;
			files = (
				66FD3D3929477B6D00585C34 /* uuUITestsLaunchTests.swift in Sources */,
				66FD3D3729477B6D00585C34 /* uuUITests.swift in Sources */,
			);
			runOnlyForDeploymentPostprocessing = 0;
		};
/* End PBXSourcesBuildPhase section */

/* Begin PBXTargetDependency section */
		66FD3D2A29477B6D00585C34 /* PBXTargetDependency */ = {
			isa = PBXTargetDependency;
			target = 66FD3D1229477B6C00585C34 /* uu */;
			targetProxy = 66FD3D2929477B6D00585C34 /* PBXContainerItemProxy */;
		};
		66FD3D3429477B6D00585C34 /* PBXTargetDependency */ = {
			isa = PBXTargetDependency;
			target = 66FD3D1229477B6C00585C34 /* uu */;
			targetProxy = 66FD3D3329477B6D00585C34 /* PBXContainerItemProxy */;
		};
/* End PBXTargetDependency section */

/* Begin XCBuildConfiguration section */
		66FD3D3A29477B6D00585C34 /* Debug */ = {
			isa = XCBuildConfiguration;
			buildSettings = {
				ALWAYS_SEARCH_USER_PATHS = NO;
				CLANG_ANALYZER_NONNULL = YES;
				CLANG_ANALYZER_NUMBER_OBJECT_CONVERSION = YES_AGGRESSIVE;
				CLANG_CXX_LANGUAGE_STANDARD = "gnu++20";
				CLANG_ENABLE_MODULES = YES;
				CLANG_ENABLE_OBJC_ARC = YES;
				CLANG_ENABLE_OBJC_WEAK = YES;
				CLANG_WARN_BLOCK_CAPTURE_AUTORELEASING = YES;
				CLANG_WARN_BOOL_CONVERSION = YES;
				CLANG_WARN_COMMA = YES;
				CLANG_WARN_CONSTANT_CONVERSION = YES;
				CLANG_WARN_DEPRECATED_OBJC_IMPLEMENTATIONS = YES;
				CLANG_WARN_DIRECT_OBJC_ISA_USAGE = YES_ERROR;
				CLANG_WARN_DOCUMENTATION_COMMENTS = YES;
				CLANG_WARN_EMPTY_BODY = YES;
				CLANG_WARN_ENUM_CONVERSION = YES;
				CLANG_WARN_INFINITE_RECURSION = YES;
				CLANG_WARN_INT_CONVERSION = YES;
				CLANG_WARN_NON_LITERAL_NULL_CONVERSION = YES;
				CLANG_WARN_OBJC_IMPLICIT_RETAIN_SELF = YES;
				CLANG_WARN_OBJC_LITERAL_CONVERSION = YES;
				CLANG_WARN_OBJC_ROOT_CLASS = YES_ERROR;
				CLANG_WARN_QUOTED_INCLUDE_IN_FRAMEWORK_HEADER = YES;
				CLANG_WARN_RANGE_LOOP_ANALYSIS = YES;
				CLANG_WARN_STRICT_PROTOTYPES = YES;
				CLANG_WARN_SUSPICIOUS_MOVE = YES;
				CLANG_WARN_UNGUARDED_AVAILABILITY = YES_AGGRESSIVE;
				CLANG_WARN_UNREACHABLE_CODE = YES;
				CLANG_WARN__DUPLICATE_METHOD_MATCH = YES;
				COPY_PHASE_STRIP = NO;
				DEBUG_INFORMATION_FORMAT = dwarf;
				ENABLE_STRICT_OBJC_MSGSEND = YES;
				ENABLE_TESTABILITY = YES;
				GCC_C_LANGUAGE_STANDARD = gnu11;
				GCC_DYNAMIC_NO_PIC = NO;
				GCC_NO_COMMON_BLOCKS = YES;
				GCC_OPTIMIZATION_LEVEL = 0;
				GCC_PREPROCESSOR_DEFINITIONS = (
					"DEBUG=1",
					"$(inherited)",
				);
				GCC_WARN_64_TO_32_BIT_CONVERSION = YES;
				GCC_WARN_ABOUT_RETURN_TYPE = YES_ERROR;
				GCC_WARN_UNDECLARED_SELECTOR = YES;
				GCC_WARN_UNINITIALIZED_AUTOS = YES_AGGRESSIVE;
				GCC_WARN_UNUSED_FUNCTION = YES;
				GCC_WARN_UNUSED_VARIABLE = YES;
				IPHONEOS_DEPLOYMENT_TARGET = 16.1;
				MTL_ENABLE_DEBUG_INFO = INCLUDE_SOURCE;
				MTL_FAST_MATH = YES;
				ONLY_ACTIVE_ARCH = YES;
				SDKROOT = iphoneos;
				SWIFT_ACTIVE_COMPILATION_CONDITIONS = DEBUG;
				SWIFT_OPTIMIZATION_LEVEL = "-Onone";
			};
			name = Debug;
		};
		66FD3D3B29477B6D00585C34 /* Release */ = {
			isa = XCBuildConfiguration;
			buildSettings = {
				ALWAYS_SEARCH_USER_PATHS = NO;
				CLANG_ANALYZER_NONNULL = YES;
				CLANG_ANALYZER_NUMBER_OBJECT_CONVERSION = YES_AGGRESSIVE;
				CLANG_CXX_LANGUAGE_STANDARD = "gnu++20";
				CLANG_ENABLE_MODULES = YES;
				CLANG_ENABLE_OBJC_ARC = YES;
				CLANG_ENABLE_OBJC_WEAK = YES;
				CLANG_WARN_BLOCK_CAPTURE_AUTORELEASING = YES;
				CLANG_WARN_BOOL_CONVERSION = YES;
				CLANG_WARN_COMMA = YES;
				CLANG_WARN_CONSTANT_CONVERSION = YES;
				CLANG_WARN_DEPRECATED_OBJC_IMPLEMENTATIONS = YES;
				CLANG_WARN_DIRECT_OBJC_ISA_USAGE = YES_ERROR;
				CLANG_WARN_DOCUMENTATION_COMMENTS = YES;
				CLANG_WARN_EMPTY_BODY = YES;
				CLANG_WARN_ENUM_CONVERSION = YES;
				CLANG_WARN_INFINITE_RECURSION = YES;
				CLANG_WARN_INT_CONVERSION = YES;
				CLANG_WARN_NON_LITERAL_NULL_CONVERSION = YES;
				CLANG_WARN_OBJC_IMPLICIT_RETAIN_SELF = YES;
				CLANG_WARN_OBJC_LITERAL_CONVERSION = YES;
				CLANG_WARN_OBJC_ROOT_CLASS = YES_ERROR;
				CLANG_WARN_QUOTED_INCLUDE_IN_FRAMEWORK_HEADER = YES;
				CLANG_WARN_RANGE_LOOP_ANALYSIS = YES;
				CLANG_WARN_STRICT_PROTOTYPES = YES;
				CLANG_WARN_SUSPICIOUS_MOVE = YES;
				CLANG_WARN_UNGUARDED_AVAILABILITY = YES_AGGRESSIVE;
				CLANG_WARN_UNREACHABLE_CODE = YES;
				CLANG_WARN__DUPLICATE_METHOD_MATCH = YES;
				COPY_PHASE_STRIP = NO;
				DEBUG_INFORMATION_FORMAT = "dwarf-with-dsym";
				ENABLE_NS_ASSERTIONS = NO;
				ENABLE_STRICT_OBJC_MSGSEND = YES;
				GCC_C_LANGUAGE_STANDARD = gnu11;
				GCC_NO_COMMON_BLOCKS = YES;
				GCC_WARN_64_TO_32_BIT_CONVERSION = YES;
				GCC_WARN_ABOUT_RETURN_TYPE = YES_ERROR;
				GCC_WARN_UNDECLARED_SELECTOR = YES;
				GCC_WARN_UNINITIALIZED_AUTOS = YES_AGGRESSIVE;
				GCC_WARN_UNUSED_FUNCTION = YES;
				GCC_WARN_UNUSED_VARIABLE = YES;
				IPHONEOS_DEPLOYMENT_TARGET = 16.1;
				MTL_ENABLE_DEBUG_INFO = NO;
				MTL_FAST_MATH = YES;
				SDKROOT = iphoneos;
				SWIFT_COMPILATION_MODE = wholemodule;
				SWIFT_OPTIMIZATION_LEVEL = "-O";
				VALIDATE_PRODUCT = YES;
			};
			name = Release;
		};
		66FD3D3D29477B6D00585C34 /* Debug */ = {
			isa = XCBuildConfiguration;
			buildSettings = {
				ASSETCATALOG_COMPILER_APPICON_NAME = AppIcon;
				ASSETCATALOG_COMPILER_GLOBAL_ACCENT_COLOR_NAME = AccentColor;
				CODE_SIGN_STYLE = Automatic;
				CURRENT_PROJECT_VERSION = 1;
				DEVELOPMENT_ASSET_PATHS = "\"uu/Preview Content\"";
				DEVELOPMENT_TEAM = FGK773Y5UU;
				ENABLE_PREVIEWS = YES;
				GENERATE_INFOPLIST_FILE = YES;
				INFOPLIST_KEY_UIApplicationSceneManifest_Generation = YES;
				INFOPLIST_KEY_UIApplicationSupportsIndirectInputEvents = YES;
				INFOPLIST_KEY_UILaunchScreen_Generation = YES;
				INFOPLIST_KEY_UISupportedInterfaceOrientations_iPad = "UIInterfaceOrientationPortrait UIInterfaceOrientationPortraitUpsideDown UIInterfaceOrientationLandscapeLeft UIInterfaceOrientationLandscapeRight";
				INFOPLIST_KEY_UISupportedInterfaceOrientations_iPhone = "UIInterfaceOrientationPortrait UIInterfaceOrientationLandscapeLeft UIInterfaceOrientationLandscapeRight";
				LD_RUNPATH_SEARCH_PATHS = (
					"$(inherited)",
					"@executable_path/Frameworks",
				);
				MARKETING_VERSION = 1.0;
				PRODUCT_BUNDLE_IDENTIFIER = MSU.uu;
				PRODUCT_NAME = "$(TARGET_NAME)";
				SWIFT_EMIT_LOC_STRINGS = YES;
				SWIFT_VERSION = 5.0;
				TARGETED_DEVICE_FAMILY = "1,2";
			};
			name = Debug;
		};
		66FD3D3E29477B6D00585C34 /* Release */ = {
			isa = XCBuildConfiguration;
			buildSettings = {
				ASSETCATALOG_COMPILER_APPICON_NAME = AppIcon;
				ASSETCATALOG_COMPILER_GLOBAL_ACCENT_COLOR_NAME = AccentColor;
				CODE_SIGN_STYLE = Automatic;
				CURRENT_PROJECT_VERSION = 1;
				DEVELOPMENT_ASSET_PATHS = "\"uu/Preview Content\"";
				DEVELOPMENT_TEAM = FGK773Y5UU;
				ENABLE_PREVIEWS = YES;
				GENERATE_INFOPLIST_FILE = YES;
				INFOPLIST_KEY_UIApplicationSceneManifest_Generation = YES;
				INFOPLIST_KEY_UIApplicationSupportsIndirectInputEvents = YES;
				INFOPLIST_KEY_UILaunchScreen_Generation = YES;
				INFOPLIST_KEY_UISupportedInterfaceOrientations_iPad = "UIInterfaceOrientationPortrait UIInterfaceOrientationPortraitUpsideDown UIInterfaceOrientationLandscapeLeft UIInterfaceOrientationLandscapeRight";
				INFOPLIST_KEY_UISupportedInterfaceOrientations_iPhone = "UIInterfaceOrientationPortrait UIInterfaceOrientationLandscapeLeft UIInterfaceOrientationLandscapeRight";
				LD_RUNPATH_SEARCH_PATHS = (
					"$(inherited)",
					"@executable_path/Frameworks",
				);
				MARKETING_VERSION = 1.0;
				PRODUCT_BUNDLE_IDENTIFIER = MSU.uu;
				PRODUCT_NAME = "$(TARGET_NAME)";
				SWIFT_EMIT_LOC_STRINGS = YES;
				SWIFT_VERSION = 5.0;
				TARGETED_DEVICE_FAMILY = "1,2";
			};
			name = Release;
		};
		66FD3D4029477B6D00585C34 /* Debug */ = {
			isa = XCBuildConfiguration;
			buildSettings = {
				ALWAYS_EMBED_SWIFT_STANDARD_LIBRARIES = YES;
				BUNDLE_LOADER = "$(TEST_HOST)";
				CODE_SIGN_STYLE = Automatic;
				CURRENT_PROJECT_VERSION = 1;
				DEVELOPMENT_TEAM = FGK773Y5UU;
				GENERATE_INFOPLIST_FILE = YES;
				IPHONEOS_DEPLOYMENT_TARGET = 16.1;
				MARKETING_VERSION = 1.0;
				PRODUCT_BUNDLE_IDENTIFIER = MSU.uuTests;
				PRODUCT_NAME = "$(TARGET_NAME)";
				SWIFT_EMIT_LOC_STRINGS = NO;
				SWIFT_VERSION = 5.0;
				TARGETED_DEVICE_FAMILY = "1,2";
				TEST_HOST = "$(BUILT_PRODUCTS_DIR)/uu.app/$(BUNDLE_EXECUTABLE_FOLDER_PATH)/uu";
			};
			name = Debug;
		};
		66FD3D4129477B6D00585C34 /* Release */ = {
			isa = XCBuildConfiguration;
			buildSettings = {
				ALWAYS_EMBED_SWIFT_STANDARD_LIBRARIES = YES;
				BUNDLE_LOADER = "$(TEST_HOST)";
				CODE_SIGN_STYLE = Automatic;
				CURRENT_PROJECT_VERSION = 1;
				DEVELOPMENT_TEAM = FGK773Y5UU;
				GENERATE_INFOPLIST_FILE = YES;
				IPHONEOS_DEPLOYMENT_TARGET = 16.1;
				MARKETING_VERSION = 1.0;
				PRODUCT_BUNDLE_IDENTIFIER = MSU.uuTests;
				PRODUCT_NAME = "$(TARGET_NAME)";
				SWIFT_EMIT_LOC_STRINGS = NO;
				SWIFT_VERSION = 5.0;
				TARGETED_DEVICE_FAMILY = "1,2";
				TEST_HOST = "$(BUILT_PRODUCTS_DIR)/uu.app/$(BUNDLE_EXECUTABLE_FOLDER_PATH)/uu";
			};
			name = Release;
		};
		66FD3D4329477B6D00585C34 /* Debug */ = {
			isa = XCBuildConfiguration;
			buildSettings = {
				ALWAYS_EMBED_SWIFT_STANDARD_LIBRARIES = YES;
				CODE_SIGN_STYLE = Automatic;
				CURRENT_PROJECT_VERSION = 1;
				DEVELOPMENT_TEAM = FGK773Y5UU;
				GENERATE_INFOPLIST_FILE = YES;
				MARKETING_VERSION = 1.0;
				PRODUCT_BUNDLE_IDENTIFIER = MSU.uuUITests;
				PRODUCT_NAME = "$(TARGET_NAME)";
				SWIFT_EMIT_LOC_STRINGS = NO;
				SWIFT_VERSION = 5.0;
				TARGETED_DEVICE_FAMILY = "1,2";
				TEST_TARGET_NAME = uu;
			};
			name = Debug;
		};
		66FD3D4429477B6D00585C34 /* Release */ = {
			isa = XCBuildConfiguration;
			buildSettings = {
				ALWAYS_EMBED_SWIFT_STANDARD_LIBRARIES = YES;
				CODE_SIGN_STYLE = Automatic;
				CURRENT_PROJECT_VERSION = 1;
				DEVELOPMENT_TEAM = FGK773Y5UU;
				GENERATE_INFOPLIST_FILE = YES;
				MARKETING_VERSION = 1.0;
				PRODUCT_BUNDLE_IDENTIFIER = MSU.uuUITests;
				PRODUCT_NAME = "$(TARGET_NAME)";
				SWIFT_EMIT_LOC_STRINGS = NO;
				SWIFT_VERSION = 5.0;
				TARGETED_DEVICE_FAMILY = "1,2";
				TEST_TARGET_NAME = uu;
			};
			name = Release;
		};
/* End XCBuildConfiguration section */

/* Begin XCConfigurationList section */
		66FD3D0E29477B6C00585C34 /* Build configuration list for PBXProject "uu" */ = {
			isa = XCConfigurationList;
			buildConfigurations = (
				66FD3D3A29477B6D00585C34 /* Debug */,
				66FD3D3B29477B6D00585C34 /* Release */,
			);
			defaultConfigurationIsVisible = 0;
			defaultConfigurationName = Release;
		};
		66FD3D3C29477B6D00585C34 /* Build configuration list for PBXNativeTarget "uu" */ = {
			isa = XCConfigurationList;
			buildConfigurations = (
				66FD3D3D29477B6D00585C34 /* Debug */,
				66FD3D3E29477B6D00585C34 /* Release */,
			);
			defaultConfigurationIsVisible = 0;
			defaultConfigurationName = Release;
		};
		66FD3D3F29477B6D00585C34 /* Build configuration list for PBXNativeTarget "uuTests" */ = {
			isa = XCConfigurationList;
			buildConfigurations = (
				66FD3D4029477B6D00585C34 /* Debug */,
				66FD3D4129477B6D00585C34 /* Release */,
			);
			defaultConfigurationIsVisible = 0;
			defaultConfigurationName = Release;
		};
		66FD3D4229477B6D00585C34 /* Build configuration list for PBXNativeTarget "uuUITests" */ = {
			isa = XCConfigurationList;
			buildConfigurations = (
				66FD3D4329477B6D00585C34 /* Debug */,
				66FD3D4429477B6D00585C34 /* Release */,
			);
			defaultConfigurationIsVisible = 0;
			defaultConfigurationName = Release;
		};
/* End XCConfigurationList section */

/* Begin XCVersionGroup section */
		66FD3D2129477B6D00585C34 /* uu.xcdatamodeld */ = {
			isa = XCVersionGroup;
			children = (
				66FD3D2229477B6D00585C34 /* uu.xcdatamodel */,
			);
			currentVersion = 66FD3D2229477B6D00585C34 /* uu.xcdatamodel */;
			path = uu.xcdatamodeld;
			sourceTree = "<group>";
			versionGroupType = wrapper.xcdatamodel;
		};
/* End XCVersionGroup section */
	};
	rootObject = 66FD3D0B29477B6C00585C34 /* Project object */;
}
